
Microsoft Visual Studio Solution File, Format Version 12.00
# Visual Studio Version 16
VisualStudioVersion = 16.0.30523.141
MinimumVisualStudioVersion = 10.0.40219.1
Project("{FAE04EC0-301F-11D3-BF4B-00C04F79EFBC}") = "ImageViewer", "ImageViewer\ImageViewer.csproj", "{4415A975-53DF-4B25-BB45-588BF36AC111}"
EndProject
Global
	GlobalSection(SolutionConfigurationPlatforms) = preSolution
		Debug|Any CPU = Debug|Any CPU
		Release|Any CPU = Release|Any CPU
	EndGlobalSection
	GlobalSection(ProjectConfigurationPlatforms) = postSolution
		{4415A975-53DF-4B25-BB45-588BF36AC111}.Debug|Any CPU.ActiveCfg = Debug|Any CPU
		{4415A975-53DF-4B25-BB45-588BF36AC111}.Debug|Any CPU.Build.0 = Debug|Any CPU
		{4415A975-53DF-4B25-BB45-588BF36AC111}.Release|Any CPU.ActiveCfg = Release|Any CPU
		{4415A975-53DF-4B25-BB45-588BF36AC111}.Release|Any CPU.Build.0 = Release|Any CPU
	EndGlobalSection
	GlobalSection(SolutionProperties) = preSolution
		HideSolutionNode = FALSE
	EndGlobalSection
	GlobalSection(ExtensibilityGlobals) = postSolution
		SolutionGuid = {0034448E-A420-4038-8058-775A5E787A44}
	EndGlobalSection
EndGlobal
